// !$*UTF8*$!
{
	archiveVersion = 1;
	classes = {
	};
	objectVersion = 46;
	objects = {

/* Begin PBXBuildFile section */
		171F6B411BF61C6D00F7CB8A /* main.cpp in Sources */ = {isa = PBXBuildFile; fileRef = 171F6B401BF61C6D00F7CB8A /* main.cpp */; };
/* End PBXBuildFile section */

/* Begin PBXCopyFilesBuildPhase section */
		171F6B3B1BF61C6D00F7CB8A /* CopyFiles */ = {
			isa = PBXCopyFilesBuildPhase;
			buildActionMask = 2147483647;
			dstPath = /usr/share/man/man1/;
			dstSubfolderSpec = 0;
			files = (
			);
			runOnlyForDeploymentPostprocessing = 1;
		};
/* End PBXCopyFilesBuildPhase section */

/* Begin PBXFileReference section */
		171F6B3D1BF61C6D00F7CB8A /* 597A */ = {isa = PBXFileReference; explicitFileType = "compiled.mach-o.executable"; includeInIndex = 0; path = 597A; sourceTree = BUILT_PRODUCTS_DIR; };
		171F6B401BF61C6D00F7CB8A /* main.cpp */ = {isa = PBXFileReference; lastKnownFileType = sourcecode.cpp.cpp; path = main.cpp; sourceTree = "<group>"; };
/* End PBXFileReference section */

/* Begin PBXFrameworksBuildPhase section */
		171F6B3A1BF61C6D00F7CB8A /* Frameworks */ = {
			isa = PBXFrameworksBuildPhase;
			buildActionMask = 2147483647;
			files = (
			);
			runOnlyForDeploymentPostprocessing = 0;
		};
/* End PBXFrameworksBuildPhase section */

/* Begin PBXGroup section */
		171F6B341BF61C6D00F7CB8A = {
			isa = PBXGroup;
			children = (
				171F6B3F1BF61C6D00F7CB8A /* 597A */,
				171F6B3E1BF61C6D00F7CB8A /* Products */,
			);
			sourceTree = "<group>";
		};
		171F6B3E1BF61C6D00F7CB8A /* Products */ = {
			isa = PBXGroup;
			children = (
				171F6B3D1BF61C6D00F7CB8A /* 597A */,
			);
			name = Products;
			sourceTree = "<group>";
		};
		171F6B3F1BF61C6D00F7CB8A /* 597A */ = {
			isa = PBXGroup;
			children = (
				171F6B401BF61C6D00F7CB8A /* main.cpp */,
			);
			path = 597A;
			sourceTree = "<group>";
		};
/* End PBXGroup section */

/* Begin PBXNativeTarget section */
		171F6B3C1BF61C6D00F7CB8A /* 597A */ = {
			isa = PBXNativeTarget;
			buildConfigurationList = 171F6B441BF61C6D00F7CB8A /* Build configuration list for PBXNativeTarget "597A" */;
			buildPhases = (
				171F6B391BF61C6D00F7CB8A /* Sources */,
				171F6B3A1BF61C6D00F7CB8A /* Frameworks */,
				171F6B3B1BF61C6D00F7CB8A /* CopyFiles */,
			);
			buildRules = (
			);
			dependencies = (
			);
			name = 597A;
			productName = 597A;
			productReference = 171F6B3D1BF61C6D00F7CB8A /* 597A */;
			productType = "com.apple.product-type.tool";
		};
/* End PBXNativeTarget section */

/* Begin PBXProject section */
		171F6B351BF61C6D00F7CB8A /* Project object */ = {
			isa = PBXProject;
			attributes = {
				LastUpgradeCheck = 0700;
				ORGANIZATIONNAME = PangRyan;
				TargetAttributes = {
					171F6B3C1BF61C6D00F7CB8A = {
						CreatedOnToolsVersion = 7.0;
					};
				};
			};
			buildConfigurationList = 171F6B381BF61C6D00F7CB8A /* Build configuration list for PBXProject "597A" */;
			compatibilityVersion = "Xcode 3.2";
			developmentRegion = English;
			hasScannedForEncodings = 0;
			knownRegions = (
				en,
			);
			mainGroup = 171F6B341BF61C6D00F7CB8A;
			productRefGroup = 171F6B3E1BF61C6D00F7CB8A /* Products */;
			projectDirPath = "";
			projectRoot = "";
			targets = (
				171F6B3C1BF61C6D00F7CB8A /* 597A */,
			);
		};
/* End PBXProject section */

/* Begin PBXSourcesBuildPhase section */
		171F6B391BF61C6D00F7CB8A /* Sources */ = {
			isa = PBXSourcesBuildPhase;
			buildActionMask = 2147483647;
			files = (
				171F6B411BF61C6D00F7CB8A /* main.cpp in Sources */,
			);
			runOnlyForDeploymentPostprocessing = 0;
		};
/* End PBXSourcesBuildPhase section */

/* Begin XCBuildConfiguration section */
		171F6B421BF61C6D00F7CB8A /* Debug */ = {
			isa = XCBuildConfiguration;
			buildSettings = {
				ALWAYS_SEARCH_USER_PATHS = NO;
				CLANG_CXX_LANGUAGE_STANDARD = "gnu++0x";
				CLANG_CXX_LIBRARY = "libc++";
				CLANG_ENABLE_MODULES = YES;
				CLANG_ENABLE_OBJC_ARC = YES;
				CLANG_WARN_BOOL_CONVERSION = YES;
				CLANG_WARN_CONSTANT_CONVERSION = YES;
				CLANG_WARN_DIRECT_OBJC_ISA_USAGE = YES_ERROR;
				CLANG_WARN_EMPTY_BODY = YES;
				CLANG_WARN_ENUM_CONVERSION = YES;
				CLANG_WARN_INT_CONVERSION = YES;
				CLANG_WARN_OBJC_ROOT_CLASS = YES_ERROR;
				CLANG_WARN_UNREACHABLE_CODE = YES;
				CLANG_WARN__DUPLICATE_METHOD_MATCH = YES;
				COPY_PHASE_STRIP = NO;
				DEBUG_INFORMATION_FORMAT = dwarf;
				ENABLE_STRICT_OBJC_MSGSEND = YES;
				ENABLE_TESTABILITY = YES;
				GCC_C_LANGUAGE_STANDARD = gnu99;
				GCC_DYNAMIC_NO_PIC = NO;
				GCC_NO_COMMON_BLOCKS = YES;
				GCC_OPTIMIZATION_LEVEL = 0;
				GCC_PREPROCESSOR_DEFINITIONS = (
					"DEBUG=1",
					"$(inherited)",
				);
				GCC_WARN_64_TO_32_BIT_CONVERSION = YES;
				GCC_WARN_ABOUT_RETURN_TYPE = YES_ERROR;
				GCC_WARN_UNDECLARED_SELECTOR = YES;
				GCC_WARN_UNINITIALIZED_AUTOS = YES_AGGRESSIVE;
				GCC_WARN_UNUSED_FUNCTION = YES;
				GCC_WARN_UNUSED_VARIABLE = YES;
				MACOSX_DEPLOYMENT_TARGET = 10.11;
				MTL_ENABLE_DEBUG_INFO = YES;
				ONLY_ACTIVE_ARCH = YES;
				SDKROOT = macosx;
			};
			name = Debug;
		};
		171F6B431BF61C6D00F7CB8A /* Release */ = {
			isa = XCBuildConfiguration;
			buildSettings = {
				ALWAYS_SEARCH_USER_PATHS = NO;
				CLANG_CXX_LANGUAGE_STANDARD = "gnu++0x";
				CLANG_CXX_LIBRARY = "libc++";
				CLANG_ENABLE_MODULES = YES;
				CLANG_ENABLE_OBJC_ARC = YES;
				CLANG_WARN_BOOL_CONVERSION = YES;
				CLANG_WARN_CONSTANT_CONVERSION = YES;
				CLANG_WARN_DIRECT_OBJC_ISA_USAGE = YES_ERROR;
				CLANG_WARN_EMPTY_BODY = YES;
				CLANG_WARN_ENUM_CONVERSION = YES;
				CLANG_WARN_INT_CONVERSION = YES;
				CLANG_WARN_OBJC_ROOT_CLASS = YES_ERROR;
				CLANG_WARN_UNREACHABLE_CODE = YES;
				CLANG_WARN__DUPLICATE_METHOD_MATCH = YES;
				COPY_PHASE_STRIP = NO;
				DEBUG_INFORMATION_FORMAT = "dwarf-with-dsym";
				ENABLE_NS_ASSERTIONS = NO;
				ENABLE_STRICT_OBJC_MSGSEND = YES;
				GCC_C_LANGUAGE_STANDARD = gnu99;
				GCC_NO_COMMON_BLOCKS = YES;
				GCC_WARN_64_TO_32_BIT_CONVERSION = YES;
				GCC_WARN_ABOUT_RETURN_TYPE = YES_ERROR;
				GCC_WARN_UNDECLARED_SELECTOR = YES;
				GCC_WARN_UNINITIALIZED_AUTOS = YES_AGGRESSIVE;
				GCC_WARN_UNUSED_FUNCTION = YES;
				GCC_WARN_UNUSED_VARIABLE = YES;
				MACOSX_DEPLOYMENT_TARGET = 10.11;
				MTL_ENABLE_DEBUG_INFO = NO;
				SDKROOT = macosx;
			};
			name = Release;
		};
		171F6B451BF61C6D00F7CB8A /* Debug */ = {
			isa = XCBuildConfiguration;
			buildSettings = {
				PRODUCT_NAME = "$(TARGET_NAME)";
			};
			name = Debug;
		};
		171F6B461BF61C6D00F7CB8A /* Release */ = {
			isa = XCBuildConfiguration;
			buildSettings = {
				PRODUCT_NAME = "$(TARGET_NAME)";
			};
			name = Release;
		};
/* End XCBuildConfiguration section */

/* Begin XCConfigurationList section */
		171F6B381BF61C6D00F7CB8A /* Build configuration list for PBXProject "597A" */ = {
			isa = XCConfigurationList;
			buildConfigurations = (
				171F6B421BF61C6D00F7CB8A /* Debug */,
				171F6B431BF61C6D00F7CB8A /* Release */,
			);
			defaultConfigurationIsVisible = 0;
			defaultConfigurationName = Release;
		};
		171F6B441BF61C6D00F7CB8A /* Build configuration list for PBXNativeTarget "597A" */ = {
			isa = XCConfigurationList;
			buildConfigurations = (
				171F6B451BF61C6D00F7CB8A /* Debug */,
				171F6B461BF61C6D00F7CB8A /* Release */,
			);
			defaultConfigurationIsVisible = 0;
		};
/* End XCConfigurationList section */
	};
	rootObject = 171F6B351BF61C6D00F7CB8A /* Project object */;
}
