// !$*UTF8*$!
{
	archiveVersion = 1;
	classes = {
	};
	objectVersion = 46;
	objects = {

/* Begin PBXBuildFile section */
		17065C361BDAA9FC00B9F46C /* main.cpp in Sources */ = {isa = PBXBuildFile; fileRef = 17065C351BDAA9FC00B9F46C /* main.cpp */; };
/* End PBXBuildFile section */

/* Begin PBXCopyFilesBuildPhase section */
		17065C301BDAA9FC00B9F46C /* CopyFiles */ = {
			isa = PBXCopyFilesBuildPhase;
			buildActionMask = 2147483647;
			dstPath = /usr/share/man/man1/;
			dstSubfolderSpec = 0;
			files = (
			);
			runOnlyForDeploymentPostprocessing = 1;
		};
/* End PBXCopyFilesBuildPhase section */

/* Begin PBXFileReference section */
		17065C321BDAA9FC00B9F46C /* 572A */ = {isa = PBXFileReference; explicitFileType = "compiled.mach-o.executable"; includeInIndex = 0; path = 572A; sourceTree = BUILT_PRODUCTS_DIR; };
		17065C351BDAA9FC00B9F46C /* main.cpp */ = {isa = PBXFileReference; lastKnownFileType = sourcecode.cpp.cpp; path = main.cpp; sourceTree = "<group>"; };
/* End PBXFileReference section */

/* Begin PBXFrameworksBuildPhase section */
		17065C2F1BDAA9FC00B9F46C /* Frameworks */ = {
			isa = PBXFrameworksBuildPhase;
			buildActionMask = 2147483647;
			files = (
			);
			runOnlyForDeploymentPostprocessing = 0;
		};
/* End PBXFrameworksBuildPhase section */

/* Begin PBXGroup section */
		17065C291BDAA9FC00B9F46C = {
			isa = PBXGroup;
			children = (
				17065C341BDAA9FC00B9F46C /* 572A */,
				17065C331BDAA9FC00B9F46C /* Products */,
			);
			sourceTree = "<group>";
		};
		17065C331BDAA9FC00B9F46C /* Products */ = {
			isa = PBXGroup;
			children = (
				17065C321BDAA9FC00B9F46C /* 572A */,
			);
			name = Products;
			sourceTree = "<group>";
		};
		17065C341BDAA9FC00B9F46C /* 572A */ = {
			isa = PBXGroup;
			children = (
				17065C351BDAA9FC00B9F46C /* main.cpp */,
			);
			path = 572A;
			sourceTree = "<group>";
		};
/* End PBXGroup section */

/* Begin PBXNativeTarget section */
		17065C311BDAA9FC00B9F46C /* 572A */ = {
			isa = PBXNativeTarget;
			buildConfigurationList = 17065C391BDAA9FC00B9F46C /* Build configuration list for PBXNativeTarget "572A" */;
			buildPhases = (
				17065C2E1BDAA9FC00B9F46C /* Sources */,
				17065C2F1BDAA9FC00B9F46C /* Frameworks */,
				17065C301BDAA9FC00B9F46C /* CopyFiles */,
			);
			buildRules = (
			);
			dependencies = (
			);
			name = 572A;
			productName = 572A;
			productReference = 17065C321BDAA9FC00B9F46C /* 572A */;
			productType = "com.apple.product-type.tool";
		};
/* End PBXNativeTarget section */

/* Begin PBXProject section */
		17065C2A1BDAA9FC00B9F46C /* Project object */ = {
			isa = PBXProject;
			attributes = {
				LastUpgradeCheck = 0700;
				ORGANIZATIONNAME = PangRyan;
				TargetAttributes = {
					17065C311BDAA9FC00B9F46C = {
						CreatedOnToolsVersion = 7.0;
					};
				};
			};
			buildConfigurationList = 17065C2D1BDAA9FC00B9F46C /* Build configuration list for PBXProject "572A" */;
			compatibilityVersion = "Xcode 3.2";
			developmentRegion = English;
			hasScannedForEncodings = 0;
			knownRegions = (
				en,
			);
			mainGroup = 17065C291BDAA9FC00B9F46C;
			productRefGroup = 17065C331BDAA9FC00B9F46C /* Products */;
			projectDirPath = "";
			projectRoot = "";
			targets = (
				17065C311BDAA9FC00B9F46C /* 572A */,
			);
		};
/* End PBXProject section */

/* Begin PBXSourcesBuildPhase section */
		17065C2E1BDAA9FC00B9F46C /* Sources */ = {
			isa = PBXSourcesBuildPhase;
			buildActionMask = 2147483647;
			files = (
				17065C361BDAA9FC00B9F46C /* main.cpp in Sources */,
			);
			runOnlyForDeploymentPostprocessing = 0;
		};
/* End PBXSourcesBuildPhase section */

/* Begin XCBuildConfiguration section */
		17065C371BDAA9FC00B9F46C /* Debug */ = {
			isa = XCBuildConfiguration;
			buildSettings = {
				ALWAYS_SEARCH_USER_PATHS = NO;
				CLANG_CXX_LANGUAGE_STANDARD = "gnu++0x";
				CLANG_CXX_LIBRARY = "libc++";
				CLANG_ENABLE_MODULES = YES;
				CLANG_ENABLE_OBJC_ARC = YES;
				CLANG_WARN_BOOL_CONVERSION = YES;
				CLANG_WARN_CONSTANT_CONVERSION = YES;
				CLANG_WARN_DIRECT_OBJC_ISA_USAGE = YES_ERROR;
				CLANG_WARN_EMPTY_BODY = YES;
				CLANG_WARN_ENUM_CONVERSION = YES;
				CLANG_WARN_INT_CONVERSION = YES;
				CLANG_WARN_OBJC_ROOT_CLASS = YES_ERROR;
				CLANG_WARN_UNREACHABLE_CODE = YES;
				CLANG_WARN__DUPLICATE_METHOD_MATCH = YES;
				COPY_PHASE_STRIP = NO;
				DEBUG_INFORMATION_FORMAT = dwarf;
				ENABLE_STRICT_OBJC_MSGSEND = YES;
				ENABLE_TESTABILITY = YES;
				GCC_C_LANGUAGE_STANDARD = gnu99;
				GCC_DYNAMIC_NO_PIC = NO;
				GCC_NO_COMMON_BLOCKS = YES;
				GCC_OPTIMIZATION_LEVEL = 0;
				GCC_PREPROCESSOR_DEFINITIONS = (
					"DEBUG=1",
					"$(inherited)",
				);
				GCC_WARN_64_TO_32_BIT_CONVERSION = YES;
				GCC_WARN_ABOUT_RETURN_TYPE = YES_ERROR;
				GCC_WARN_UNDECLARED_SELECTOR = YES;
				GCC_WARN_UNINITIALIZED_AUTOS = YES_AGGRESSIVE;
				GCC_WARN_UNUSED_FUNCTION = YES;
				GCC_WARN_UNUSED_VARIABLE = YES;
				MACOSX_DEPLOYMENT_TARGET = 10.11;
				MTL_ENABLE_DEBUG_INFO = YES;
				ONLY_ACTIVE_ARCH = YES;
				SDKROOT = macosx;
			};
			name = Debug;
		};
		17065C381BDAA9FC00B9F46C /* Release */ = {
			isa = XCBuildConfiguration;
			buildSettings = {
				ALWAYS_SEARCH_USER_PATHS = NO;
				CLANG_CXX_LANGUAGE_STANDARD = "gnu++0x";
				CLANG_CXX_LIBRARY = "libc++";
				CLANG_ENABLE_MODULES = YES;
				CLANG_ENABLE_OBJC_ARC = YES;
				CLANG_WARN_BOOL_CONVERSION = YES;
				CLANG_WARN_CONSTANT_CONVERSION = YES;
				CLANG_WARN_DIRECT_OBJC_ISA_USAGE = YES_ERROR;
				CLANG_WARN_EMPTY_BODY = YES;
				CLANG_WARN_ENUM_CONVERSION = YES;
				CLANG_WARN_INT_CONVERSION = YES;
				CLANG_WARN_OBJC_ROOT_CLASS = YES_ERROR;
				CLANG_WARN_UNREACHABLE_CODE = YES;
				CLANG_WARN__DUPLICATE_METHOD_MATCH = YES;
				COPY_PHASE_STRIP = NO;
				DEBUG_INFORMATION_FORMAT = "dwarf-with-dsym";
				ENABLE_NS_ASSERTIONS = NO;
				ENABLE_STRICT_OBJC_MSGSEND = YES;
				GCC_C_LANGUAGE_STANDARD = gnu99;
				GCC_NO_COMMON_BLOCKS = YES;
				GCC_WARN_64_TO_32_BIT_CONVERSION = YES;
				GCC_WARN_ABOUT_RETURN_TYPE = YES_ERROR;
				GCC_WARN_UNDECLARED_SELECTOR = YES;
				GCC_WARN_UNINITIALIZED_AUTOS = YES_AGGRESSIVE;
				GCC_WARN_UNUSED_FUNCTION = YES;
				GCC_WARN_UNUSED_VARIABLE = YES;
				MACOSX_DEPLOYMENT_TARGET = 10.11;
				MTL_ENABLE_DEBUG_INFO = NO;
				SDKROOT = macosx;
			};
			name = Release;
		};
		17065C3A1BDAA9FC00B9F46C /* Debug */ = {
			isa = XCBuildConfiguration;
			buildSettings = {
				PRODUCT_NAME = "$(TARGET_NAME)";
			};
			name = Debug;
		};
		17065C3B1BDAA9FC00B9F46C /* Release */ = {
			isa = XCBuildConfiguration;
			buildSettings = {
				PRODUCT_NAME = "$(TARGET_NAME)";
			};
			name = Release;
		};
/* End XCBuildConfiguration section */

/* Begin XCConfigurationList section */
		17065C2D1BDAA9FC00B9F46C /* Build configuration list for PBXProject "572A" */ = {
			isa = XCConfigurationList;
			buildConfigurations = (
				17065C371BDAA9FC00B9F46C /* Debug */,
				17065C381BDAA9FC00B9F46C /* Release */,
			);
			defaultConfigurationIsVisible = 0;
			defaultConfigurationName = Release;
		};
		17065C391BDAA9FC00B9F46C /* Build configuration list for PBXNativeTarget "572A" */ = {
			isa = XCConfigurationList;
			buildConfigurations = (
				17065C3A1BDAA9FC00B9F46C /* Debug */,
				17065C3B1BDAA9FC00B9F46C /* Release */,
			);
			defaultConfigurationIsVisible = 0;
		};
/* End XCConfigurationList section */
	};
	rootObject = 17065C2A1BDAA9FC00B9F46C /* Project object */;
}
